
Microsoft Visual Studio Solution File, Format Version 12.00
# Visual Studio Version 17
VisualStudioVersion = 17.5.002.0
MinimumVisualStudioVersion = 10.0.40219.1
Project("{9A19103F-16F7-4668-BE54-9A1E7A4F7556}") = "WebApi", "WebApi.csproj", "{9CDBC188-686A-472A-ABCB-F1B4CCB18E98}"
EndProject
Global
	GlobalSection(SolutionConfigurationPlatforms) = preSolution
		Debug|Any CPU = Debug|Any CPU
		Release|Any CPU = Release|Any CPU
	EndGlobalSection
	GlobalSection(ProjectConfigurationPlatforms) = postSolution
		{9CDBC188-686A-472A-ABCB-F1B4CCB18E98}.Debug|Any CPU.ActiveCfg = Debug|Any CPU
		{9CDBC188-686A-472A-ABCB-F1B4CCB18E98}.Debug|Any CPU.Build.0 = Debug|Any CPU
		{9CDBC188-686A-472A-ABCB-F1B4CCB18E98}.Release|Any CPU.ActiveCfg = Release|Any CPU
		{9CDBC188-686A-472A-ABCB-F1B4CCB18E98}.Release|Any CPU.Build.0 = Release|Any CPU
	EndGlobalSection
	GlobalSection(SolutionProperties) = preSolution
		HideSolutionNode = FALSE
	EndGlobalSection
	GlobalSection(ExtensibilityGlobals) = postSolution
		SolutionGuid = {F1038C66-A8B3-448B-B9BA-61FF711B1AC7}
	EndGlobalSection
EndGlobal
