
Microsoft Visual Studio Solution File, Format Version 12.00
# Visual Studio Version 17
VisualStudioVersion = 17.5.002.0
MinimumVisualStudioVersion = 10.0.40219.1
Project("{9A19103F-16F7-4668-BE54-9A1E7A4F7556}") = "DriversAppApi", "DriversAppApi.csproj", "{44DC2678-2C78-4E0C-A8CE-C1C7D40E7178}"
EndProject
Global
	GlobalSection(SolutionConfigurationPlatforms) = preSolution
		Debug|Any CPU = Debug|Any CPU
		Release|Any CPU = Release|Any CPU
	EndGlobalSection
	GlobalSection(ProjectConfigurationPlatforms) = postSolution
		{44DC2678-2C78-4E0C-A8CE-C1C7D40E7178}.Debug|Any CPU.ActiveCfg = Debug|Any CPU
		{44DC2678-2C78-4E0C-A8CE-C1C7D40E7178}.Debug|Any CPU.Build.0 = Debug|Any CPU
		{44DC2678-2C78-4E0C-A8CE-C1C7D40E7178}.Release|Any CPU.ActiveCfg = Release|Any CPU
		{44DC2678-2C78-4E0C-A8CE-C1C7D40E7178}.Release|Any CPU.Build.0 = Release|Any CPU
	EndGlobalSection
	GlobalSection(SolutionProperties) = preSolution
		HideSolutionNode = FALSE
	EndGlobalSection
	GlobalSection(ExtensibilityGlobals) = postSolution
		SolutionGuid = {F6D315CA-F388-4484-8147-CDC67B250962}
	EndGlobalSection
EndGlobal
